// !$*UTF8*$!
{
	archiveVersion = 1;
	classes = {
	};
	objectVersion = 56;
	objects = {

/* Begin PBXBuildFile section */
		E635BDDE2BEF893300CF7D0B /* SpendingTrackerApp.swift in Sources */ = {isa = PBXBuildFile; fileRef = E635BDDD2BEF893300CF7D0B /* SpendingTrackerApp.swift */; };
		E635BDE02BEF893300CF7D0B /* ContentView.swift in Sources */ = {isa = PBXBuildFile; fileRef = E635BDDF2BEF893300CF7D0B /* ContentView.swift */; };
		E635BDE22BEF893500CF7D0B /* Assets.xcassets in Resources */ = {isa = PBXBuildFile; fileRef = E635BDE12BEF893500CF7D0B /* Assets.xcassets */; };
		E635BDE52BEF893500CF7D0B /* Preview Assets.xcassets in Resources */ = {isa = PBXBuildFile; fileRef = E635BDE42BEF893500CF7D0B /* Preview Assets.xcassets */; };
		E635BDED2BEF896400CF7D0B /* MainSettings.swift in Sources */ = {isa = PBXBuildFile; fileRef = E635BDEC2BEF896400CF7D0B /* MainSettings.swift */; };
		E635BDEF2BEF8B0A00CF7D0B /* Income.swift in Sources */ = {isa = PBXBuildFile; fileRef = E635BDEE2BEF8B0A00CF7D0B /* Income.swift */; };
		E635BDF12BEF8BCC00CF7D0B /* Expenses.swift in Sources */ = {isa = PBXBuildFile; fileRef = E635BDF02BEF8BCC00CF7D0B /* Expenses.swift */; };
		E635BDF32BEF8C2800CF7D0B /* Categories.swift in Sources */ = {isa = PBXBuildFile; fileRef = E635BDF22BEF8C2800CF7D0B /* Categories.swift */; };
		E635BDF52BEF8C9100CF7D0B /* Subcategories.swift in Sources */ = {isa = PBXBuildFile; fileRef = E635BDF42BEF8C9100CF7D0B /* Subcategories.swift */; };
		E635BDFA2BEF8F0D00CF7D0B /* CategoriesView.swift in Sources */ = {isa = PBXBuildFile; fileRef = E635BDF92BEF8F0D00CF7D0B /* CategoriesView.swift */; };
		E635BDFC2BEF93BB00CF7D0B /* CategoriesListingView.swift in Sources */ = {isa = PBXBuildFile; fileRef = E635BDFB2BEF93BB00CF7D0B /* CategoriesListingView.swift */; };
		E635BDFE2BEF95BB00CF7D0B /* EditCategoryView.swift in Sources */ = {isa = PBXBuildFile; fileRef = E635BDFD2BEF95BB00CF7D0B /* EditCategoryView.swift */; };
		E635BE002BEFB92100CF7D0B /* EditSubcategoryView.swift in Sources */ = {isa = PBXBuildFile; fileRef = E635BDFF2BEFB92100CF7D0B /* EditSubcategoryView.swift */; };
		E635BE042BEFC4A100CF7D0B /* String.swift in Sources */ = {isa = PBXBuildFile; fileRef = E635BE032BEFC4A000CF7D0B /* String.swift */; };
		E635BE062BEFC6A500CF7D0B /* SettingsView.swift in Sources */ = {isa = PBXBuildFile; fileRef = E635BE052BEFC6A500CF7D0B /* SettingsView.swift */; };
		E635BE0A2BEFDC1900CF7D0B /* HomeView.swift in Sources */ = {isa = PBXBuildFile; fileRef = E635BE092BEFDC1900CF7D0B /* HomeView.swift */; };
		E635BE0E2BF0148400CF7D0B /* Date.swift in Sources */ = {isa = PBXBuildFile; fileRef = E635BE0D2BF0148400CF7D0B /* Date.swift */; };
		E635BE102BF020DB00CF7D0B /* AddJournalView.swift in Sources */ = {isa = PBXBuildFile; fileRef = E635BE0F2BF020DB00CF7D0B /* AddJournalView.swift */; };
		E635BE132BF07CE200CF7D0B /* Localizable.xcstrings in Resources */ = {isa = PBXBuildFile; fileRef = E635BE122BF07CE200CF7D0B /* Localizable.xcstrings */; };
		E635BE162BF0956600CF7D0B /* DateFormatter.swift in Sources */ = {isa = PBXBuildFile; fileRef = E635BE152BF0956600CF7D0B /* DateFormatter.swift */; };
		E635BE192BF0B11900CF7D0B /* JournalView.swift in Sources */ = {isa = PBXBuildFile; fileRef = E635BE182BF0B11900CF7D0B /* JournalView.swift */; };
		E635BE1C2BF0B4E900CF7D0B /* Journal.swift in Sources */ = {isa = PBXBuildFile; fileRef = E635BE1B2BF0B4E900CF7D0B /* Journal.swift */; };
/* End PBXBuildFile section */

/* Begin PBXFileReference section */
		E635BDDA2BEF893300CF7D0B /* SpendingTracker.app */ = {isa = PBXFileReference; explicitFileType = wrapper.application; includeInIndex = 0; path = SpendingTracker.app; sourceTree = BUILT_PRODUCTS_DIR; };
		E635BDDD2BEF893300CF7D0B /* SpendingTrackerApp.swift */ = {isa = PBXFileReference; lastKnownFileType = sourcecode.swift; path = SpendingTrackerApp.swift; sourceTree = "<group>"; };
		E635BDDF2BEF893300CF7D0B /* ContentView.swift */ = {isa = PBXFileReference; lastKnownFileType = sourcecode.swift; path = ContentView.swift; sourceTree = "<group>"; };
		E635BDE12BEF893500CF7D0B /* Assets.xcassets */ = {isa = PBXFileReference; lastKnownFileType = folder.assetcatalog; path = Assets.xcassets; sourceTree = "<group>"; };
		E635BDE42BEF893500CF7D0B /* Preview Assets.xcassets */ = {isa = PBXFileReference; lastKnownFileType = folder.assetcatalog; path = "Preview Assets.xcassets"; sourceTree = "<group>"; };
		E635BDEC2BEF896400CF7D0B /* MainSettings.swift */ = {isa = PBXFileReference; lastKnownFileType = sourcecode.swift; path = MainSettings.swift; sourceTree = "<group>"; };
		E635BDEE2BEF8B0A00CF7D0B /* Income.swift */ = {isa = PBXFileReference; lastKnownFileType = sourcecode.swift; path = Income.swift; sourceTree = "<group>"; };
		E635BDF02BEF8BCC00CF7D0B /* Expenses.swift */ = {isa = PBXFileReference; lastKnownFileType = sourcecode.swift; path = Expenses.swift; sourceTree = "<group>"; };
		E635BDF22BEF8C2800CF7D0B /* Categories.swift */ = {isa = PBXFileReference; lastKnownFileType = sourcecode.swift; path = Categories.swift; sourceTree = "<group>"; };
		E635BDF42BEF8C9100CF7D0B /* Subcategories.swift */ = {isa = PBXFileReference; lastKnownFileType = sourcecode.swift; path = Subcategories.swift; sourceTree = "<group>"; };
		E635BDF92BEF8F0D00CF7D0B /* CategoriesView.swift */ = {isa = PBXFileReference; lastKnownFileType = sourcecode.swift; path = CategoriesView.swift; sourceTree = "<group>"; };
		E635BDFB2BEF93BB00CF7D0B /* CategoriesListingView.swift */ = {isa = PBXFileReference; lastKnownFileType = sourcecode.swift; path = CategoriesListingView.swift; sourceTree = "<group>"; };
		E635BDFD2BEF95BB00CF7D0B /* EditCategoryView.swift */ = {isa = PBXFileReference; lastKnownFileType = sourcecode.swift; path = EditCategoryView.swift; sourceTree = "<group>"; };
		E635BDFF2BEFB92100CF7D0B /* EditSubcategoryView.swift */ = {isa = PBXFileReference; lastKnownFileType = sourcecode.swift; path = EditSubcategoryView.swift; sourceTree = "<group>"; };
		E635BE032BEFC4A000CF7D0B /* String.swift */ = {isa = PBXFileReference; lastKnownFileType = sourcecode.swift; path = String.swift; sourceTree = "<group>"; };
		E635BE052BEFC6A500CF7D0B /* SettingsView.swift */ = {isa = PBXFileReference; lastKnownFileType = sourcecode.swift; path = SettingsView.swift; sourceTree = "<group>"; };
		E635BE092BEFDC1900CF7D0B /* HomeView.swift */ = {isa = PBXFileReference; lastKnownFileType = sourcecode.swift; path = HomeView.swift; sourceTree = "<group>"; };
		E635BE0D2BF0148400CF7D0B /* Date.swift */ = {isa = PBXFileReference; lastKnownFileType = sourcecode.swift; path = Date.swift; sourceTree = "<group>"; };
		E635BE0F2BF020DB00CF7D0B /* AddJournalView.swift */ = {isa = PBXFileReference; lastKnownFileType = sourcecode.swift; path = AddJournalView.swift; sourceTree = "<group>"; };
		E635BE122BF07CE200CF7D0B /* Localizable.xcstrings */ = {isa = PBXFileReference; lastKnownFileType = text.json.xcstrings; path = Localizable.xcstrings; sourceTree = "<group>"; };
		E635BE142BF08E4E00CF7D0B /* SpendingTracker.entitlements */ = {isa = PBXFileReference; lastKnownFileType = text.plist.entitlements; path = SpendingTracker.entitlements; sourceTree = "<group>"; };
		E635BE152BF0956600CF7D0B /* DateFormatter.swift */ = {isa = PBXFileReference; lastKnownFileType = sourcecode.swift; path = DateFormatter.swift; sourceTree = "<group>"; };
		E635BE182BF0B11900CF7D0B /* JournalView.swift */ = {isa = PBXFileReference; lastKnownFileType = sourcecode.swift; path = JournalView.swift; sourceTree = "<group>"; };
		E635BE1B2BF0B4E900CF7D0B /* Journal.swift */ = {isa = PBXFileReference; lastKnownFileType = sourcecode.swift; path = Journal.swift; sourceTree = "<group>"; };
/* End PBXFileReference section */

/* Begin PBXFrameworksBuildPhase section */
		E635BDD72BEF893300CF7D0B /* Frameworks */ = {
			isa = PBXFrameworksBuildPhase;
			buildActionMask = 2147483647;
			files = (
			);
			runOnlyForDeploymentPostprocessing = 0;
		};
/* End PBXFrameworksBuildPhase section */

/* Begin PBXGroup section */
		E635BDD12BEF893300CF7D0B = {
			isa = PBXGroup;
			children = (
				E635BDDC2BEF893300CF7D0B /* SpendingTracker */,
				E635BDDB2BEF893300CF7D0B /* Products */,
			);
			sourceTree = "<group>";
		};
		E635BDDB2BEF893300CF7D0B /* Products */ = {
			isa = PBXGroup;
			children = (
				E635BDDA2BEF893300CF7D0B /* SpendingTracker.app */,
			);
			name = Products;
			sourceTree = "<group>";
		};
		E635BDDC2BEF893300CF7D0B /* SpendingTracker */ = {
			isa = PBXGroup;
			children = (
				E635BE142BF08E4E00CF7D0B /* SpendingTracker.entitlements */,
				E635BE112BF07CA800CF7D0B /* Localization */,
				E635BE022BEFC48F00CF7D0B /* Extensions */,
				E635BDF82BEF8EF700CF7D0B /* Screens */,
				E635BDF62BEF8EAE00CF7D0B /* Utils */,
				E635BDEB2BEF894200CF7D0B /* Models */,
				E635BDDD2BEF893300CF7D0B /* SpendingTrackerApp.swift */,
				E635BDDF2BEF893300CF7D0B /* ContentView.swift */,
				E635BDE12BEF893500CF7D0B /* Assets.xcassets */,
				E635BDE32BEF893500CF7D0B /* Preview Content */,
			);
			path = SpendingTracker;
			sourceTree = "<group>";
		};
		E635BDE32BEF893500CF7D0B /* Preview Content */ = {
			isa = PBXGroup;
			children = (
				E635BDE42BEF893500CF7D0B /* Preview Assets.xcassets */,
			);
			path = "Preview Content";
			sourceTree = "<group>";
		};
		E635BDEB2BEF894200CF7D0B /* Models */ = {
			isa = PBXGroup;
			children = (
				E635BDEC2BEF896400CF7D0B /* MainSettings.swift */,
				E635BDEE2BEF8B0A00CF7D0B /* Income.swift */,
				E635BDF02BEF8BCC00CF7D0B /* Expenses.swift */,
				E635BDF22BEF8C2800CF7D0B /* Categories.swift */,
				E635BDF42BEF8C9100CF7D0B /* Subcategories.swift */,
				E635BE1B2BF0B4E900CF7D0B /* Journal.swift */,
			);
			path = Models;
			sourceTree = "<group>";
		};
		E635BDF62BEF8EAE00CF7D0B /* Utils */ = {
			isa = PBXGroup;
			children = (
			);
			path = Utils;
			sourceTree = "<group>";
		};
		E635BDF82BEF8EF700CF7D0B /* Screens */ = {
			isa = PBXGroup;
			children = (
				E635BE172BF0B10600CF7D0B /* Journal */,
				E635BE082BEFDC0A00CF7D0B /* Home */,
				E635BE012BEFBE8000CF7D0B /* Settings */,
				E635BE072BEFD9DC00CF7D0B /* Categories */,
			);
			path = Screens;
			sourceTree = "<group>";
		};
		E635BE012BEFBE8000CF7D0B /* Settings */ = {
			isa = PBXGroup;
			children = (
				E635BE052BEFC6A500CF7D0B /* SettingsView.swift */,
			);
			path = Settings;
			sourceTree = "<group>";
		};
		E635BE022BEFC48F00CF7D0B /* Extensions */ = {
			isa = PBXGroup;
			children = (
				E635BE032BEFC4A000CF7D0B /* String.swift */,
				E635BE0D2BF0148400CF7D0B /* Date.swift */,
				E635BE152BF0956600CF7D0B /* DateFormatter.swift */,
			);
			path = Extensions;
			sourceTree = "<group>";
		};
		E635BE072BEFD9DC00CF7D0B /* Categories */ = {
			isa = PBXGroup;
			children = (
				E635BDF92BEF8F0D00CF7D0B /* CategoriesView.swift */,
				E635BDFB2BEF93BB00CF7D0B /* CategoriesListingView.swift */,
				E635BDFD2BEF95BB00CF7D0B /* EditCategoryView.swift */,
				E635BDFF2BEFB92100CF7D0B /* EditSubcategoryView.swift */,
			);
			path = Categories;
			sourceTree = "<group>";
		};
		E635BE082BEFDC0A00CF7D0B /* Home */ = {
			isa = PBXGroup;
			children = (
				E635BE092BEFDC1900CF7D0B /* HomeView.swift */,
				E635BE0F2BF020DB00CF7D0B /* AddJournalView.swift */,
			);
			path = Home;
			sourceTree = "<group>";
		};
		E635BE112BF07CA800CF7D0B /* Localization */ = {
			isa = PBXGroup;
			children = (
				E635BE122BF07CE200CF7D0B /* Localizable.xcstrings */,
			);
			path = Localization;
			sourceTree = "<group>";
		};
		E635BE172BF0B10600CF7D0B /* Journal */ = {
			isa = PBXGroup;
			children = (
				E635BE182BF0B11900CF7D0B /* JournalView.swift */,
			);
			path = Journal;
			sourceTree = "<group>";
		};
/* End PBXGroup section */

/* Begin PBXNativeTarget section */
		E635BDD92BEF893300CF7D0B /* SpendingTracker */ = {
			isa = PBXNativeTarget;
			buildConfigurationList = E635BDE82BEF893500CF7D0B /* Build configuration list for PBXNativeTarget "SpendingTracker" */;
			buildPhases = (
				E635BDD62BEF893300CF7D0B /* Sources */,
				E635BDD72BEF893300CF7D0B /* Frameworks */,
				E635BDD82BEF893300CF7D0B /* Resources */,
			);
			buildRules = (
			);
			dependencies = (
			);
			name = SpendingTracker;
			productName = SpendingTracker;
			productReference = E635BDDA2BEF893300CF7D0B /* SpendingTracker.app */;
			productType = "com.apple.product-type.application";
		};
/* End PBXNativeTarget section */

/* Begin PBXProject section */
		E635BDD22BEF893300CF7D0B /* Project object */ = {
			isa = PBXProject;
			attributes = {
				BuildIndependentTargetsInParallel = 1;
				LastSwiftUpdateCheck = 1530;
				LastUpgradeCheck = 1530;
				TargetAttributes = {
					E635BDD92BEF893300CF7D0B = {
						CreatedOnToolsVersion = 15.3;
					};
				};
			};
			buildConfigurationList = E635BDD52BEF893300CF7D0B /* Build configuration list for PBXProject "SpendingTracker" */;
			compatibilityVersion = "Xcode 14.0";
			developmentRegion = en;
			hasScannedForEncodings = 0;
			knownRegions = (
				en,
				Base,
				es,
				"es-419",
			);
			mainGroup = E635BDD12BEF893300CF7D0B;
			productRefGroup = E635BDDB2BEF893300CF7D0B /* Products */;
			projectDirPath = "";
			projectRoot = "";
			targets = (
				E635BDD92BEF893300CF7D0B /* SpendingTracker */,
			);
		};
/* End PBXProject section */

/* Begin PBXResourcesBuildPhase section */
		E635BDD82BEF893300CF7D0B /* Resources */ = {
			isa = PBXResourcesBuildPhase;
			buildActionMask = 2147483647;
			files = (
				E635BDE52BEF893500CF7D0B /* Preview Assets.xcassets in Resources */,
				E635BDE22BEF893500CF7D0B /* Assets.xcassets in Resources */,
				E635BE132BF07CE200CF7D0B /* Localizable.xcstrings in Resources */,
			);
			runOnlyForDeploymentPostprocessing = 0;
		};
/* End PBXResourcesBuildPhase section */

/* Begin PBXSourcesBuildPhase section */
		E635BDD62BEF893300CF7D0B /* Sources */ = {
			isa = PBXSourcesBuildPhase;
			buildActionMask = 2147483647;
			files = (
				E635BDFC2BEF93BB00CF7D0B /* CategoriesListingView.swift in Sources */,
				E635BE0E2BF0148400CF7D0B /* Date.swift in Sources */,
				E635BE0A2BEFDC1900CF7D0B /* HomeView.swift in Sources */,
				E635BDFA2BEF8F0D00CF7D0B /* CategoriesView.swift in Sources */,
				E635BDF12BEF8BCC00CF7D0B /* Expenses.swift in Sources */,
				E635BDE02BEF893300CF7D0B /* ContentView.swift in Sources */,
				E635BE192BF0B11900CF7D0B /* JournalView.swift in Sources */,
				E635BDF52BEF8C9100CF7D0B /* Subcategories.swift in Sources */,
				E635BE162BF0956600CF7D0B /* DateFormatter.swift in Sources */,
				E635BDDE2BEF893300CF7D0B /* SpendingTrackerApp.swift in Sources */,
				E635BE042BEFC4A100CF7D0B /* String.swift in Sources */,
				E635BDFE2BEF95BB00CF7D0B /* EditCategoryView.swift in Sources */,
				E635BDEF2BEF8B0A00CF7D0B /* Income.swift in Sources */,
				E635BE002BEFB92100CF7D0B /* EditSubcategoryView.swift in Sources */,
				E635BE1C2BF0B4E900CF7D0B /* Journal.swift in Sources */,
				E635BDED2BEF896400CF7D0B /* MainSettings.swift in Sources */,
				E635BDF32BEF8C2800CF7D0B /* Categories.swift in Sources */,
				E635BE102BF020DB00CF7D0B /* AddJournalView.swift in Sources */,
				E635BE062BEFC6A500CF7D0B /* SettingsView.swift in Sources */,
			);
			runOnlyForDeploymentPostprocessing = 0;
		};
/* End PBXSourcesBuildPhase section */

/* Begin XCBuildConfiguration section */
		E635BDE62BEF893500CF7D0B /* Debug */ = {
			isa = XCBuildConfiguration;
			buildSettings = {
				ALWAYS_SEARCH_USER_PATHS = NO;
				ASSETCATALOG_COMPILER_GENERATE_SWIFT_ASSET_SYMBOL_EXTENSIONS = YES;
				CLANG_ANALYZER_NONNULL = YES;
				CLANG_ANALYZER_NUMBER_OBJECT_CONVERSION = YES_AGGRESSIVE;
				CLANG_CXX_LANGUAGE_STANDARD = "gnu++20";
				CLANG_ENABLE_MODULES = YES;
				CLANG_ENABLE_OBJC_ARC = YES;
				CLANG_ENABLE_OBJC_WEAK = YES;
				CLANG_WARN_BLOCK_CAPTURE_AUTORELEASING = YES;
				CLANG_WARN_BOOL_CONVERSION = YES;
				CLANG_WARN_COMMA = YES;
				CLANG_WARN_CONSTANT_CONVERSION = YES;
				CLANG_WARN_DEPRECATED_OBJC_IMPLEMENTATIONS = YES;
				CLANG_WARN_DIRECT_OBJC_ISA_USAGE = YES_ERROR;
				CLANG_WARN_DOCUMENTATION_COMMENTS = YES;
				CLANG_WARN_EMPTY_BODY = YES;
				CLANG_WARN_ENUM_CONVERSION = YES;
				CLANG_WARN_INFINITE_RECURSION = YES;
				CLANG_WARN_INT_CONVERSION = YES;
				CLANG_WARN_NON_LITERAL_NULL_CONVERSION = YES;
				CLANG_WARN_OBJC_IMPLICIT_RETAIN_SELF = YES;
				CLANG_WARN_OBJC_LITERAL_CONVERSION = YES;
				CLANG_WARN_OBJC_ROOT_CLASS = YES_ERROR;
				CLANG_WARN_QUOTED_INCLUDE_IN_FRAMEWORK_HEADER = YES;
				CLANG_WARN_RANGE_LOOP_ANALYSIS = YES;
				CLANG_WARN_STRICT_PROTOTYPES = YES;
				CLANG_WARN_SUSPICIOUS_MOVE = YES;
				CLANG_WARN_UNGUARDED_AVAILABILITY = YES_AGGRESSIVE;
				CLANG_WARN_UNREACHABLE_CODE = YES;
				CLANG_WARN__DUPLICATE_METHOD_MATCH = YES;
				COPY_PHASE_STRIP = NO;
				DEBUG_INFORMATION_FORMAT = dwarf;
				ENABLE_STRICT_OBJC_MSGSEND = YES;
				ENABLE_TESTABILITY = YES;
				ENABLE_USER_SCRIPT_SANDBOXING = YES;
				GCC_C_LANGUAGE_STANDARD = gnu17;
				GCC_DYNAMIC_NO_PIC = NO;
				GCC_NO_COMMON_BLOCKS = YES;
				GCC_OPTIMIZATION_LEVEL = 0;
				GCC_PREPROCESSOR_DEFINITIONS = (
					"DEBUG=1",
					"$(inherited)",
				);
				GCC_WARN_64_TO_32_BIT_CONVERSION = YES;
				GCC_WARN_ABOUT_RETURN_TYPE = YES_ERROR;
				GCC_WARN_UNDECLARED_SELECTOR = YES;
				GCC_WARN_UNINITIALIZED_AUTOS = YES_AGGRESSIVE;
				GCC_WARN_UNUSED_FUNCTION = YES;
				GCC_WARN_UNUSED_VARIABLE = YES;
				IPHONEOS_DEPLOYMENT_TARGET = 17.0;
				LOCALIZATION_PREFERS_STRING_CATALOGS = YES;
				MTL_ENABLE_DEBUG_INFO = INCLUDE_SOURCE;
				MTL_FAST_MATH = YES;
				ONLY_ACTIVE_ARCH = YES;
				SDKROOT = iphoneos;
				SWIFT_ACTIVE_COMPILATION_CONDITIONS = "DEBUG $(inherited)";
				SWIFT_OPTIMIZATION_LEVEL = "-Onone";
			};
			name = Debug;
		};
		E635BDE72BEF893500CF7D0B /* Release */ = {
			isa = XCBuildConfiguration;
			buildSettings = {
				ALWAYS_SEARCH_USER_PATHS = NO;
				ASSETCATALOG_COMPILER_GENERATE_SWIFT_ASSET_SYMBOL_EXTENSIONS = YES;
				CLANG_ANALYZER_NONNULL = YES;
				CLANG_ANALYZER_NUMBER_OBJECT_CONVERSION = YES_AGGRESSIVE;
				CLANG_CXX_LANGUAGE_STANDARD = "gnu++20";
				CLANG_ENABLE_MODULES = YES;
				CLANG_ENABLE_OBJC_ARC = YES;
				CLANG_ENABLE_OBJC_WEAK = YES;
				CLANG_WARN_BLOCK_CAPTURE_AUTORELEASING = YES;
				CLANG_WARN_BOOL_CONVERSION = YES;
				CLANG_WARN_COMMA = YES;
				CLANG_WARN_CONSTANT_CONVERSION = YES;
				CLANG_WARN_DEPRECATED_OBJC_IMPLEMENTATIONS = YES;
				CLANG_WARN_DIRECT_OBJC_ISA_USAGE = YES_ERROR;
				CLANG_WARN_DOCUMENTATION_COMMENTS = YES;
				CLANG_WARN_EMPTY_BODY = YES;
				CLANG_WARN_ENUM_CONVERSION = YES;
				CLANG_WARN_INFINITE_RECURSION = YES;
				CLANG_WARN_INT_CONVERSION = YES;
				CLANG_WARN_NON_LITERAL_NULL_CONVERSION = YES;
				CLANG_WARN_OBJC_IMPLICIT_RETAIN_SELF = YES;
				CLANG_WARN_OBJC_LITERAL_CONVERSION = YES;
				CLANG_WARN_OBJC_ROOT_CLASS = YES_ERROR;
				CLANG_WARN_QUOTED_INCLUDE_IN_FRAMEWORK_HEADER = YES;
				CLANG_WARN_RANGE_LOOP_ANALYSIS = YES;
				CLANG_WARN_STRICT_PROTOTYPES = YES;
				CLANG_WARN_SUSPICIOUS_MOVE = YES;
				CLANG_WARN_UNGUARDED_AVAILABILITY = YES_AGGRESSIVE;
				CLANG_WARN_UNREACHABLE_CODE = YES;
				CLANG_WARN__DUPLICATE_METHOD_MATCH = YES;
				COPY_PHASE_STRIP = NO;
				DEBUG_INFORMATION_FORMAT = "dwarf-with-dsym";
				ENABLE_NS_ASSERTIONS = NO;
				ENABLE_STRICT_OBJC_MSGSEND = YES;
				ENABLE_USER_SCRIPT_SANDBOXING = YES;
				GCC_C_LANGUAGE_STANDARD = gnu17;
				GCC_NO_COMMON_BLOCKS = YES;
				GCC_WARN_64_TO_32_BIT_CONVERSION = YES;
				GCC_WARN_ABOUT_RETURN_TYPE = YES_ERROR;
				GCC_WARN_UNDECLARED_SELECTOR = YES;
				GCC_WARN_UNINITIALIZED_AUTOS = YES_AGGRESSIVE;
				GCC_WARN_UNUSED_FUNCTION = YES;
				GCC_WARN_UNUSED_VARIABLE = YES;
				IPHONEOS_DEPLOYMENT_TARGET = 17.0;
				LOCALIZATION_PREFERS_STRING_CATALOGS = YES;
				MTL_ENABLE_DEBUG_INFO = NO;
				MTL_FAST_MATH = YES;
				SDKROOT = iphoneos;
				SWIFT_COMPILATION_MODE = wholemodule;
				VALIDATE_PRODUCT = YES;
			};
			name = Release;
		};
		E635BDE92BEF893500CF7D0B /* Debug */ = {
			isa = XCBuildConfiguration;
			buildSettings = {
				ASSETCATALOG_COMPILER_APPICON_NAME = AppIcon;
				ASSETCATALOG_COMPILER_GLOBAL_ACCENT_COLOR_NAME = AccentColor;
				CODE_SIGN_ENTITLEMENTS = SpendingTracker/SpendingTracker.entitlements;
				CODE_SIGN_STYLE = Automatic;
				CURRENT_PROJECT_VERSION = 1;
				DEVELOPMENT_ASSET_PATHS = "\"SpendingTracker/Preview Content\"";
				DEVELOPMENT_TEAM = 832L6NHFN9;
				ENABLE_PREVIEWS = YES;
				GENERATE_INFOPLIST_FILE = YES;
				INFOPLIST_KEY_CFBundleDisplayName = "Spending Limiter";
				INFOPLIST_KEY_LSApplicationCategoryType = "public.app-category.finance";
				INFOPLIST_KEY_UIApplicationSceneManifest_Generation = YES;
				INFOPLIST_KEY_UIApplicationSupportsIndirectInputEvents = YES;
				INFOPLIST_KEY_UILaunchScreen_Generation = YES;
				INFOPLIST_KEY_UISupportedInterfaceOrientations = UIInterfaceOrientationPortrait;
				INFOPLIST_KEY_UISupportedInterfaceOrientations_iPad = "UIInterfaceOrientationLandscapeLeft UIInterfaceOrientationLandscapeRight UIInterfaceOrientationPortrait UIInterfaceOrientationPortraitUpsideDown";
				IPHONEOS_DEPLOYMENT_TARGET = 17.0;
				LD_RUNPATH_SEARCH_PATHS = (
					"$(inherited)",
					"@executable_path/Frameworks",
				);
				MARKETING_VERSION = 1.0;
				PRODUCT_BUNDLE_IDENTIFIER = com.paraskcd.KCDSpendingLimiter;
				PRODUCT_NAME = "$(TARGET_NAME)";
				SUPPORTED_PLATFORMS = "iphoneos iphonesimulator";
				SUPPORTS_MACCATALYST = YES;
				SUPPORTS_MAC_DESIGNED_FOR_IPHONE_IPAD = NO;
				SUPPORTS_XR_DESIGNED_FOR_IPHONE_IPAD = NO;
				SWIFT_EMIT_LOC_STRINGS = YES;
				SWIFT_VERSION = 5.0;
				TARGETED_DEVICE_FAMILY = "1,2";
			};
			name = Debug;
		};
		E635BDEA2BEF893500CF7D0B /* Release */ = {
			isa = XCBuildConfiguration;
			buildSettings = {
				ASSETCATALOG_COMPILER_APPICON_NAME = AppIcon;
				ASSETCATALOG_COMPILER_GLOBAL_ACCENT_COLOR_NAME = AccentColor;
				CODE_SIGN_ENTITLEMENTS = SpendingTracker/SpendingTracker.entitlements;
				CODE_SIGN_STYLE = Automatic;
				CURRENT_PROJECT_VERSION = 1;
				DEVELOPMENT_ASSET_PATHS = "\"SpendingTracker/Preview Content\"";
				DEVELOPMENT_TEAM = 832L6NHFN9;
				ENABLE_PREVIEWS = YES;
				GENERATE_INFOPLIST_FILE = YES;
				INFOPLIST_KEY_CFBundleDisplayName = "Spending Limiter";
				INFOPLIST_KEY_LSApplicationCategoryType = "public.app-category.finance";
				INFOPLIST_KEY_UIApplicationSceneManifest_Generation = YES;
				INFOPLIST_KEY_UIApplicationSupportsIndirectInputEvents = YES;
				INFOPLIST_KEY_UILaunchScreen_Generation = YES;
				INFOPLIST_KEY_UISupportedInterfaceOrientations = UIInterfaceOrientationPortrait;
				INFOPLIST_KEY_UISupportedInterfaceOrientations_iPad = "UIInterfaceOrientationLandscapeLeft UIInterfaceOrientationLandscapeRight UIInterfaceOrientationPortrait UIInterfaceOrientationPortraitUpsideDown";
				IPHONEOS_DEPLOYMENT_TARGET = 17.0;
				LD_RUNPATH_SEARCH_PATHS = (
					"$(inherited)",
					"@executable_path/Frameworks",
				);
				MARKETING_VERSION = 1.0;
				PRODUCT_BUNDLE_IDENTIFIER = com.paraskcd.KCDSpendingLimiter;
				PRODUCT_NAME = "$(TARGET_NAME)";
				SUPPORTED_PLATFORMS = "iphoneos iphonesimulator";
				SUPPORTS_MACCATALYST = YES;
				SUPPORTS_MAC_DESIGNED_FOR_IPHONE_IPAD = NO;
				SUPPORTS_XR_DESIGNED_FOR_IPHONE_IPAD = NO;
				SWIFT_EMIT_LOC_STRINGS = YES;
				SWIFT_VERSION = 5.0;
				TARGETED_DEVICE_FAMILY = "1,2";
			};
			name = Release;
		};
/* End XCBuildConfiguration section */

/* Begin XCConfigurationList section */
		E635BDD52BEF893300CF7D0B /* Build configuration list for PBXProject "SpendingTracker" */ = {
			isa = XCConfigurationList;
			buildConfigurations = (
				E635BDE62BEF893500CF7D0B /* Debug */,
				E635BDE72BEF893500CF7D0B /* Release */,
			);
			defaultConfigurationIsVisible = 0;
			defaultConfigurationName = Release;
		};
		E635BDE82BEF893500CF7D0B /* Build configuration list for PBXNativeTarget "SpendingTracker" */ = {
			isa = XCConfigurationList;
			buildConfigurations = (
				E635BDE92BEF893500CF7D0B /* Debug */,
				E635BDEA2BEF893500CF7D0B /* Release */,
			);
			defaultConfigurationIsVisible = 0;
			defaultConfigurationName = Release;
		};
/* End XCConfigurationList section */
	};
	rootObject = E635BDD22BEF893300CF7D0B /* Project object */;
}
